
Microsoft Visual Studio Solution File, Format Version 12.00
# Visual Studio Version 17
VisualStudioVersion = 17.11.35312.102
MinimumVisualStudioVersion = 10.0.40219.1
Project("{9A19103F-16F7-4668-BE54-9A1E7A4F7556}") = "API", "API\API.csproj", "{3054AA88-9A98-497E-8237-97C44D4633AD}"
EndProject
Project("{9A19103F-16F7-4668-BE54-9A1E7A4F7556}") = "DataAccess", "DataAccess\DataAccess.csproj", "{B2D2E34E-4A9E-44DD-ADD6-A98E58E5D5BA}"
EndProject
Global
	GlobalSection(SolutionConfigurationPlatforms) = preSolution
		Debug|Any CPU = Debug|Any CPU
		Release|Any CPU = Release|Any CPU
	EndGlobalSection
	GlobalSection(ProjectConfigurationPlatforms) = postSolution
		{3054AA88-9A98-497E-8237-97C44D4633AD}.Debug|Any CPU.ActiveCfg = Debug|Any CPU
		{3054AA88-9A98-497E-8237-97C44D4633AD}.Debug|Any CPU.Build.0 = Debug|Any CPU
		{3054AA88-9A98-497E-8237-97C44D4633AD}.Release|Any CPU.ActiveCfg = Release|Any CPU
		{3054AA88-9A98-497E-8237-97C44D4633AD}.Release|Any CPU.Build.0 = Release|Any CPU
		{B2D2E34E-4A9E-44DD-ADD6-A98E58E5D5BA}.Debug|Any CPU.ActiveCfg = Debug|Any CPU
		{B2D2E34E-4A9E-44DD-ADD6-A98E58E5D5BA}.Debug|Any CPU.Build.0 = Debug|Any CPU
		{B2D2E34E-4A9E-44DD-ADD6-A98E58E5D5BA}.Release|Any CPU.ActiveCfg = Release|Any CPU
		{B2D2E34E-4A9E-44DD-ADD6-A98E58E5D5BA}.Release|Any CPU.Build.0 = Release|Any CPU
	EndGlobalSection
	GlobalSection(SolutionProperties) = preSolution
		HideSolutionNode = FALSE
	EndGlobalSection
	GlobalSection(ExtensibilityGlobals) = postSolution
		SolutionGuid = {D1DF344C-C3A7-45CE-9F38-1C2AF2EDAD5A}
	EndGlobalSection
EndGlobal
